
Microsoft Visual Studio Solution File, Format Version 12.00
# Visual Studio Version 17
VisualStudioVersion = 17.7.34031.279
MinimumVisualStudioVersion = 10.0.40219.1
Project("{FAE04EC0-301F-11D3-BF4B-00C04F79EFBC}") = "WebApplication5", "WebApplication5\WebApplication5.csproj", "{1695A58E-6B38-48E2-A3A2-BA6F93BA72B7}"
EndProject
Global
	GlobalSection(SolutionConfigurationPlatforms) = preSolution
		Debug|Any CPU = Debug|Any CPU
		Release|Any CPU = Release|Any CPU
	EndGlobalSection
	GlobalSection(ProjectConfigurationPlatforms) = postSolution
		{1695A58E-6B38-48E2-A3A2-BA6F93BA72B7}.Debug|Any CPU.ActiveCfg = Debug|Any CPU
		{1695A58E-6B38-48E2-A3A2-BA6F93BA72B7}.Debug|Any CPU.Build.0 = Debug|Any CPU
		{1695A58E-6B38-48E2-A3A2-BA6F93BA72B7}.Release|Any CPU.ActiveCfg = Release|Any CPU
		{1695A58E-6B38-48E2-A3A2-BA6F93BA72B7}.Release|Any CPU.Build.0 = Release|Any CPU
	EndGlobalSection
	GlobalSection(SolutionProperties) = preSolution
		HideSolutionNode = FALSE
	EndGlobalSection
	GlobalSection(ExtensibilityGlobals) = postSolution
		SolutionGuid = {235B4BAF-E711-4948-876A-DDCEEA044C0B}
	EndGlobalSection
EndGlobal
